
Microsoft Visual Studio Solution File, Format Version 12.00
# Visual Studio Version 16
VisualStudioVersion = 16.0.29926.136
MinimumVisualStudioVersion = 10.0.40219.1
Project("{2150E333-8FDC-42A3-9474-1A3956D46DE8}") = "1.gün", "1.gün", "{3B6AF83B-235B-420C-822F-F4AC9D3743B0}"
EndProject
Project("{9A19103F-16F7-4668-BE54-9A1E7A4F7556}") = "Degiskenler", "Degiskenler\Degiskenler.csproj", "{983907D7-47B9-409E-BEE6-33F1B8D786BE}"
EndProject
Project("{9A19103F-16F7-4668-BE54-9A1E7A4F7556}") = "KararYapilariveDöngüler", "KararYapilari\KararYapilariveDöngüler.csproj", "{53854CCD-ED54-45BC-B620-C0416FEDCBD0}"
EndProject
Project("{2150E333-8FDC-42A3-9474-1A3956D46DE8}") = "2.gün", "2.gün", "{E7F39CD7-E7D1-4239-B02E-EDA428F4B18D}"
EndProject
Project("{9A19103F-16F7-4668-BE54-9A1E7A4F7556}") = "İnputİşlemleri", "İnputİşlemleri\İnputİşlemleri.csproj", "{F7B344AD-4682-4870-BC1A-7774E15258AF}"
EndProject
Project("{9A19103F-16F7-4668-BE54-9A1E7A4F7556}") = "RandomNesnesi", "RandomNesnesi\RandomNesnesi.csproj", "{B3CDCDD1-2084-431F-A601-3CED7808ECC8}"
EndProject
Project("{9A19103F-16F7-4668-BE54-9A1E7A4F7556}") = "ŞekilÇizme", "ŞekilÇizme\ŞekilÇizme.csproj", "{6D360FE2-7727-4760-A590-A2203CDBFC6C}"
EndProject
Project("{2150E333-8FDC-42A3-9474-1A3956D46DE8}") = "ÖDEV", "ÖDEV", "{AABC2609-9795-45BC-B895-80EF53493764}"
EndProject
Project("{9A19103F-16F7-4668-BE54-9A1E7A4F7556}") = "BomOyunu", "BomOyunu\BomOyunu.csproj", "{568F46CF-8BB6-4B24-8A73-D46695B7DE7C}"
EndProject
Project("{9A19103F-16F7-4668-BE54-9A1E7A4F7556}") = "baklavaŞekil", "baklavaŞekil\baklavaŞekil.csproj", "{CDF9B80F-6555-4922-B833-3E58107CDD43}"
EndProject
Project("{2150E333-8FDC-42A3-9474-1A3956D46DE8}") = "3.gün", "3.gün", "{B09059D4-E5C0-4B8E-847D-4494D829900C}"
EndProject
Project("{9A19103F-16F7-4668-BE54-9A1E7A4F7556}") = "bomOyunuHocanınÇözümü", "bomOyunuHocanınÇözümü\bomOyunuHocanınÇözümü.csproj", "{3E259DF1-0786-492A-B62E-6B08FAE2C7A1}"
EndProject
Project("{9A19103F-16F7-4668-BE54-9A1E7A4F7556}") = "diziler", "diziler\diziler.csproj", "{2A3896F4-BFA6-4995-B4F0-928D32160BC7}"
EndProject
Project("{9A19103F-16F7-4668-BE54-9A1E7A4F7556}") = "diziSekiller", "diziSekiller\diziSekiller.csproj", "{4AEDD874-09B4-47FB-AA13-2F4200C6A125}"
EndProject
Project("{9A19103F-16F7-4668-BE54-9A1E7A4F7556}") = "Sayi_tahmin", "diziler_ödev\Sayi_tahmin.csproj", "{8BAD7D00-5369-44F1-8852-0C565DD4704E}"
EndProject
Project("{9A19103F-16F7-4668-BE54-9A1E7A4F7556}") = "zarOyunu", "zarOyunu\zarOyunu.csproj", "{20AB940E-45BA-4912-AD7E-E6BA33C59AC5}"
EndProject
Project("{9A19103F-16F7-4668-BE54-9A1E7A4F7556}") = "adamAsmaca", "adamAsmaca\adamAsmaca.csproj", "{5E106B3E-670F-499C-9498-612ADC6BE575}"
EndProject
Project("{2150E333-8FDC-42A3-9474-1A3956D46DE8}") = "4.gün", "4.gün", "{2F9EBCE5-820F-417F-AD76-2B6EBBD66FF4}"
EndProject
Project("{9A19103F-16F7-4668-BE54-9A1E7A4F7556}") = "sayiTahminOyunu", "sayiTahminOyunu\sayiTahminOyunu.csproj", "{2D5534EF-7A9F-407A-B923-20A568BEF703}"
EndProject
Project("{9A19103F-16F7-4668-BE54-9A1E7A4F7556}") = "zarOyunuHoca", "zarOyunuHoca\zarOyunuHoca.csproj", "{A190584F-9A46-4A4F-B21A-C5BE0EE2B08B}"
EndProject
Project("{9A19103F-16F7-4668-BE54-9A1E7A4F7556}") = "AdamAsmacaHoca", "AdamAsmacaHoca\AdamAsmacaHoca.csproj", "{6D1E9EDC-A72D-4875-89AE-28E67EE6C370}"
EndProject
Project("{9A19103F-16F7-4668-BE54-9A1E7A4F7556}") = "methotlar", "methotlar\methotlar.csproj", "{3E670C7F-343B-4E9A-B3F9-7F86BB381F4C}"
EndProject
Project("{9A19103F-16F7-4668-BE54-9A1E7A4F7556}") = "methodKullanım2", "methodKullanım2\methodKullanım2.csproj", "{BC2D5BB5-6E26-4800-B1DE-7F0FBC694998}"
EndProject
Project("{9A19103F-16F7-4668-BE54-9A1E7A4F7556}") = "argsÖrnek", "argsÖrnek\argsÖrnek.csproj", "{7876E72B-EE9D-4A85-A430-EC57DCCDA111}"
EndProject
Project("{9A19103F-16F7-4668-BE54-9A1E7A4F7556}") = "ilkForm", "ilkForm\ilkForm.csproj", "{BCB9551D-CDC7-440B-89FA-6EE9689EFE7C}"
EndProject
Project("{2150E333-8FDC-42A3-9474-1A3956D46DE8}") = "5.gün", "5.gün", "{3A9BDE48-F648-4C6A-A16C-8CD92D69DE25}"
EndProject
Project("{9A19103F-16F7-4668-BE54-9A1E7A4F7556}") = "adresDefteri", "adresDefteri\adresDefteri.csproj", "{8E5EE412-9ABF-4CE6-B560-192A9306BE3C}"
EndProject
Project("{9A19103F-16F7-4668-BE54-9A1E7A4F7556}") = "adresDefteri.Modelss", "adresDefteri.Modelss\adresDefteri.Modelss.csproj", "{632E8357-7609-4087-BDD6-2253F26A9CFE}"
EndProject
Project("{2150E333-8FDC-42A3-9474-1A3956D46DE8}") = "deneme_encapsulation", "deneme_encapsulation", "{9E866199-AF76-4C39-A3FB-7618FAD87FF3}"
EndProject
Project("{9A19103F-16F7-4668-BE54-9A1E7A4F7556}") = "ögrenciKayit", "ögrenciKayit\ögrenciKayit.csproj", "{1450FE93-8A2F-45C0-8F33-2C21F4515665}"
EndProject
Project("{9A19103F-16F7-4668-BE54-9A1E7A4F7556}") = "ögrenciKayit.Lib", "ögrenciKayit.Lib\ögrenciKayit.Lib.csproj", "{0411138C-782D-4936-8D43-1A9E8F32499D}"
EndProject
Project("{2150E333-8FDC-42A3-9474-1A3956D46DE8}") = "6.gün", "6.gün", "{02426073-EC59-48D6-ADC6-A0D784D33BAB}"
EndProject
Project("{9A19103F-16F7-4668-BE54-9A1E7A4F7556}") = "Kalıtımm", "Kalıtımm\Kalıtımm.csproj", "{BA9150FA-A114-4FA2-954A-9E70DB656FFE}"
EndProject
Project("{2150E333-8FDC-42A3-9474-1A3956D46DE8}") = "7.gün", "7.gün", "{9A15AB44-18A1-44BB-B004-FF6762161F9B}"
EndProject
Project("{9A19103F-16F7-4668-BE54-9A1E7A4F7556}") = "PaymentMethod", "PaymentMethod\PaymentMethod.csproj", "{4C28359C-3F76-47BA-A96A-ADFB460EDF40}"
EndProject
Project("{9A19103F-16F7-4668-BE54-9A1E7A4F7556}") = "PaymentMethod.Models", "PaymentMethod.Models\PaymentMethod.Models.csproj", "{C08190BE-2C64-4981-A8A2-B52980CF2E73}"
EndProject
Project("{2150E333-8FDC-42A3-9474-1A3956D46DE8}") = "8.gün", "8.gün", "{C1755BAE-2B76-4B21-8A44-AA848369065C}"
EndProject
Project("{9A19103F-16F7-4668-BE54-9A1E7A4F7556}") = "Cs.App", "Cs.App\Cs.App.csproj", "{67F18A92-E402-413E-861E-878058407C81}"
EndProject
Project("{9A19103F-16F7-4668-BE54-9A1E7A4F7556}") = "Cs.Lib", "Cs.Lib\Cs.Lib.csproj", "{4B6F2F28-E1EC-4453-B448-A81C778E6EFD}"
EndProject
Project("{2150E333-8FDC-42A3-9474-1A3956D46DE8}") = "9.gün", "9.gün", "{15852D49-08C9-47BD-A980-9D96C5217FA7}"
EndProject
Project("{9A19103F-16F7-4668-BE54-9A1E7A4F7556}") = "KisiEnvanteri", "KisiEnvanteri\KisiEnvanteri.csproj", "{A1C28A9D-9033-478F-AA07-91E4F5ACBECB}"
EndProject
Project("{2150E333-8FDC-42A3-9474-1A3956D46DE8}") = "10.gün", "10.gün", "{A5F8C0BA-B6FF-4AD0-8341-51595503622E}"
EndProject
Project("{9A19103F-16F7-4668-BE54-9A1E7A4F7556}") = "MyCoin", "MyCoin\MyCoin.csproj", "{C9CC869D-CFA4-4856-8CA4-44FC3CAF46E3}"
EndProject
Project("{2150E333-8FDC-42A3-9474-1A3956D46DE8}") = "11.gün", "11.gün", "{7DCDF43C-BEEA-4895-8BE0-0738693C3FDC}"
EndProject
Project("{9A19103F-16F7-4668-BE54-9A1E7A4F7556}") = "Crm_Form", "WinFormsApp1\Crm_Form.csproj", "{77150E20-0CC9-4603-AC13-F521FAC28BB0}"
EndProject
Global
	GlobalSection(SolutionConfigurationPlatforms) = preSolution
		Debug|Any CPU = Debug|Any CPU
		Release|Any CPU = Release|Any CPU
	EndGlobalSection
	GlobalSection(ProjectConfigurationPlatforms) = postSolution
		{983907D7-47B9-409E-BEE6-33F1B8D786BE}.Debug|Any CPU.ActiveCfg = Debug|Any CPU
		{983907D7-47B9-409E-BEE6-33F1B8D786BE}.Debug|Any CPU.Build.0 = Debug|Any CPU
		{983907D7-47B9-409E-BEE6-33F1B8D786BE}.Release|Any CPU.ActiveCfg = Release|Any CPU
		{983907D7-47B9-409E-BEE6-33F1B8D786BE}.Release|Any CPU.Build.0 = Release|Any CPU
		{53854CCD-ED54-45BC-B620-C0416FEDCBD0}.Debug|Any CPU.ActiveCfg = Debug|Any CPU
		{53854CCD-ED54-45BC-B620-C0416FEDCBD0}.Debug|Any CPU.Build.0 = Debug|Any CPU
		{53854CCD-ED54-45BC-B620-C0416FEDCBD0}.Release|Any CPU.ActiveCfg = Release|Any CPU
		{53854CCD-ED54-45BC-B620-C0416FEDCBD0}.Release|Any CPU.Build.0 = Release|Any CPU
		{F7B344AD-4682-4870-BC1A-7774E15258AF}.Debug|Any CPU.ActiveCfg = Debug|Any CPU
		{F7B344AD-4682-4870-BC1A-7774E15258AF}.Debug|Any CPU.Build.0 = Debug|Any CPU
		{F7B344AD-4682-4870-BC1A-7774E15258AF}.Release|Any CPU.ActiveCfg = Release|Any CPU
		{F7B344AD-4682-4870-BC1A-7774E15258AF}.Release|Any CPU.Build.0 = Release|Any CPU
		{B3CDCDD1-2084-431F-A601-3CED7808ECC8}.Debug|Any CPU.ActiveCfg = Debug|Any CPU
		{B3CDCDD1-2084-431F-A601-3CED7808ECC8}.Debug|Any CPU.Build.0 = Debug|Any CPU
		{B3CDCDD1-2084-431F-A601-3CED7808ECC8}.Release|Any CPU.ActiveCfg = Release|Any CPU
		{B3CDCDD1-2084-431F-A601-3CED7808ECC8}.Release|Any CPU.Build.0 = Release|Any CPU
		{6D360FE2-7727-4760-A590-A2203CDBFC6C}.Debug|Any CPU.ActiveCfg = Debug|Any CPU
		{6D360FE2-7727-4760-A590-A2203CDBFC6C}.Debug|Any CPU.Build.0 = Debug|Any CPU
		{6D360FE2-7727-4760-A590-A2203CDBFC6C}.Release|Any CPU.ActiveCfg = Release|Any CPU
		{6D360FE2-7727-4760-A590-A2203CDBFC6C}.Release|Any CPU.Build.0 = Release|Any CPU
		{568F46CF-8BB6-4B24-8A73-D46695B7DE7C}.Debug|Any CPU.ActiveCfg = Debug|Any CPU
		{568F46CF-8BB6-4B24-8A73-D46695B7DE7C}.Debug|Any CPU.Build.0 = Debug|Any CPU
		{568F46CF-8BB6-4B24-8A73-D46695B7DE7C}.Release|Any CPU.ActiveCfg = Release|Any CPU
		{568F46CF-8BB6-4B24-8A73-D46695B7DE7C}.Release|Any CPU.Build.0 = Release|Any CPU
		{CDF9B80F-6555-4922-B833-3E58107CDD43}.Debug|Any CPU.ActiveCfg = Debug|Any CPU
		{CDF9B80F-6555-4922-B833-3E58107CDD43}.Debug|Any CPU.Build.0 = Debug|Any CPU
		{CDF9B80F-6555-4922-B833-3E58107CDD43}.Release|Any CPU.ActiveCfg = Release|Any CPU
		{CDF9B80F-6555-4922-B833-3E58107CDD43}.Release|Any CPU.Build.0 = Release|Any CPU
		{3E259DF1-0786-492A-B62E-6B08FAE2C7A1}.Debug|Any CPU.ActiveCfg = Debug|Any CPU
		{3E259DF1-0786-492A-B62E-6B08FAE2C7A1}.Debug|Any CPU.Build.0 = Debug|Any CPU
		{3E259DF1-0786-492A-B62E-6B08FAE2C7A1}.Release|Any CPU.ActiveCfg = Release|Any CPU
		{3E259DF1-0786-492A-B62E-6B08FAE2C7A1}.Release|Any CPU.Build.0 = Release|Any CPU
		{2A3896F4-BFA6-4995-B4F0-928D32160BC7}.Debug|Any CPU.ActiveCfg = Debug|Any CPU
		{2A3896F4-BFA6-4995-B4F0-928D32160BC7}.Debug|Any CPU.Build.0 = Debug|Any CPU
		{2A3896F4-BFA6-4995-B4F0-928D32160BC7}.Release|Any CPU.ActiveCfg = Release|Any CPU
		{2A3896F4-BFA6-4995-B4F0-928D32160BC7}.Release|Any CPU.Build.0 = Release|Any CPU
		{4AEDD874-09B4-47FB-AA13-2F4200C6A125}.Debug|Any CPU.ActiveCfg = Debug|Any CPU
		{4AEDD874-09B4-47FB-AA13-2F4200C6A125}.Debug|Any CPU.Build.0 = Debug|Any CPU
		{4AEDD874-09B4-47FB-AA13-2F4200C6A125}.Release|Any CPU.ActiveCfg = Release|Any CPU
		{4AEDD874-09B4-47FB-AA13-2F4200C6A125}.Release|Any CPU.Build.0 = Release|Any CPU
		{8BAD7D00-5369-44F1-8852-0C565DD4704E}.Debug|Any CPU.ActiveCfg = Debug|Any CPU
		{8BAD7D00-5369-44F1-8852-0C565DD4704E}.Debug|Any CPU.Build.0 = Debug|Any CPU
		{8BAD7D00-5369-44F1-8852-0C565DD4704E}.Release|Any CPU.ActiveCfg = Release|Any CPU
		{8BAD7D00-5369-44F1-8852-0C565DD4704E}.Release|Any CPU.Build.0 = Release|Any CPU
		{20AB940E-45BA-4912-AD7E-E6BA33C59AC5}.Debug|Any CPU.ActiveCfg = Debug|Any CPU
		{20AB940E-45BA-4912-AD7E-E6BA33C59AC5}.Debug|Any CPU.Build.0 = Debug|Any CPU
		{20AB940E-45BA-4912-AD7E-E6BA33C59AC5}.Release|Any CPU.ActiveCfg = Release|Any CPU
		{20AB940E-45BA-4912-AD7E-E6BA33C59AC5}.Release|Any CPU.Build.0 = Release|Any CPU
		{5E106B3E-670F-499C-9498-612ADC6BE575}.Debug|Any CPU.ActiveCfg = Debug|Any CPU
		{5E106B3E-670F-499C-9498-612ADC6BE575}.Debug|Any CPU.Build.0 = Debug|Any CPU
		{5E106B3E-670F-499C-9498-612ADC6BE575}.Release|Any CPU.ActiveCfg = Release|Any CPU
		{5E106B3E-670F-499C-9498-612ADC6BE575}.Release|Any CPU.Build.0 = Release|Any CPU
		{2D5534EF-7A9F-407A-B923-20A568BEF703}.Debug|Any CPU.ActiveCfg = Debug|Any CPU
		{2D5534EF-7A9F-407A-B923-20A568BEF703}.Debug|Any CPU.Build.0 = Debug|Any CPU
		{2D5534EF-7A9F-407A-B923-20A568BEF703}.Release|Any CPU.ActiveCfg = Release|Any CPU
		{2D5534EF-7A9F-407A-B923-20A568BEF703}.Release|Any CPU.Build.0 = Release|Any CPU
		{A190584F-9A46-4A4F-B21A-C5BE0EE2B08B}.Debug|Any CPU.ActiveCfg = Debug|Any CPU
		{A190584F-9A46-4A4F-B21A-C5BE0EE2B08B}.Debug|Any CPU.Build.0 = Debug|Any CPU
		{A190584F-9A46-4A4F-B21A-C5BE0EE2B08B}.Release|Any CPU.ActiveCfg = Release|Any CPU
		{A190584F-9A46-4A4F-B21A-C5BE0EE2B08B}.Release|Any CPU.Build.0 = Release|Any CPU
		{6D1E9EDC-A72D-4875-89AE-28E67EE6C370}.Debug|Any CPU.ActiveCfg = Debug|Any CPU
		{6D1E9EDC-A72D-4875-89AE-28E67EE6C370}.Debug|Any CPU.Build.0 = Debug|Any CPU
		{6D1E9EDC-A72D-4875-89AE-28E67EE6C370}.Release|Any CPU.ActiveCfg = Release|Any CPU
		{6D1E9EDC-A72D-4875-89AE-28E67EE6C370}.Release|Any CPU.Build.0 = Release|Any CPU
		{3E670C7F-343B-4E9A-B3F9-7F86BB381F4C}.Debug|Any CPU.ActiveCfg = Debug|Any CPU
		{3E670C7F-343B-4E9A-B3F9-7F86BB381F4C}.Debug|Any CPU.Build.0 = Debug|Any CPU
		{3E670C7F-343B-4E9A-B3F9-7F86BB381F4C}.Release|Any CPU.ActiveCfg = Release|Any CPU
		{3E670C7F-343B-4E9A-B3F9-7F86BB381F4C}.Release|Any CPU.Build.0 = Release|Any CPU
		{BC2D5BB5-6E26-4800-B1DE-7F0FBC694998}.Debug|Any CPU.ActiveCfg = Debug|Any CPU
		{BC2D5BB5-6E26-4800-B1DE-7F0FBC694998}.Debug|Any CPU.Build.0 = Debug|Any CPU
		{BC2D5BB5-6E26-4800-B1DE-7F0FBC694998}.Release|Any CPU.ActiveCfg = Release|Any CPU
		{BC2D5BB5-6E26-4800-B1DE-7F0FBC694998}.Release|Any CPU.Build.0 = Release|Any CPU
		{7876E72B-EE9D-4A85-A430-EC57DCCDA111}.Debug|Any CPU.ActiveCfg = Debug|Any CPU
		{7876E72B-EE9D-4A85-A430-EC57DCCDA111}.Debug|Any CPU.Build.0 = Debug|Any CPU
		{7876E72B-EE9D-4A85-A430-EC57DCCDA111}.Release|Any CPU.ActiveCfg = Release|Any CPU
		{7876E72B-EE9D-4A85-A430-EC57DCCDA111}.Release|Any CPU.Build.0 = Release|Any CPU
		{BCB9551D-CDC7-440B-89FA-6EE9689EFE7C}.Debug|Any CPU.ActiveCfg = Debug|Any CPU
		{BCB9551D-CDC7-440B-89FA-6EE9689EFE7C}.Debug|Any CPU.Build.0 = Debug|Any CPU
		{BCB9551D-CDC7-440B-89FA-6EE9689EFE7C}.Release|Any CPU.ActiveCfg = Release|Any CPU
		{BCB9551D-CDC7-440B-89FA-6EE9689EFE7C}.Release|Any CPU.Build.0 = Release|Any CPU
		{8E5EE412-9ABF-4CE6-B560-192A9306BE3C}.Debug|Any CPU.ActiveCfg = Debug|Any CPU
		{8E5EE412-9ABF-4CE6-B560-192A9306BE3C}.Debug|Any CPU.Build.0 = Debug|Any CPU
		{8E5EE412-9ABF-4CE6-B560-192A9306BE3C}.Release|Any CPU.ActiveCfg = Release|Any CPU
		{8E5EE412-9ABF-4CE6-B560-192A9306BE3C}.Release|Any CPU.Build.0 = Release|Any CPU
		{632E8357-7609-4087-BDD6-2253F26A9CFE}.Debug|Any CPU.ActiveCfg = Debug|Any CPU
		{632E8357-7609-4087-BDD6-2253F26A9CFE}.Debug|Any CPU.Build.0 = Debug|Any CPU
		{632E8357-7609-4087-BDD6-2253F26A9CFE}.Release|Any CPU.ActiveCfg = Release|Any CPU
		{632E8357-7609-4087-BDD6-2253F26A9CFE}.Release|Any CPU.Build.0 = Release|Any CPU
		{1450FE93-8A2F-45C0-8F33-2C21F4515665}.Debug|Any CPU.ActiveCfg = Debug|Any CPU
		{1450FE93-8A2F-45C0-8F33-2C21F4515665}.Debug|Any CPU.Build.0 = Debug|Any CPU
		{1450FE93-8A2F-45C0-8F33-2C21F4515665}.Release|Any CPU.ActiveCfg = Release|Any CPU
		{1450FE93-8A2F-45C0-8F33-2C21F4515665}.Release|Any CPU.Build.0 = Release|Any CPU
		{0411138C-782D-4936-8D43-1A9E8F32499D}.Debug|Any CPU.ActiveCfg = Debug|Any CPU
		{0411138C-782D-4936-8D43-1A9E8F32499D}.Debug|Any CPU.Build.0 = Debug|Any CPU
		{0411138C-782D-4936-8D43-1A9E8F32499D}.Release|Any CPU.ActiveCfg = Release|Any CPU
		{0411138C-782D-4936-8D43-1A9E8F32499D}.Release|Any CPU.Build.0 = Release|Any CPU
		{BA9150FA-A114-4FA2-954A-9E70DB656FFE}.Debug|Any CPU.ActiveCfg = Debug|Any CPU
		{BA9150FA-A114-4FA2-954A-9E70DB656FFE}.Debug|Any CPU.Build.0 = Debug|Any CPU
		{BA9150FA-A114-4FA2-954A-9E70DB656FFE}.Release|Any CPU.ActiveCfg = Release|Any CPU
		{BA9150FA-A114-4FA2-954A-9E70DB656FFE}.Release|Any CPU.Build.0 = Release|Any CPU
		{4C28359C-3F76-47BA-A96A-ADFB460EDF40}.Debug|Any CPU.ActiveCfg = Debug|Any CPU
		{4C28359C-3F76-47BA-A96A-ADFB460EDF40}.Debug|Any CPU.Build.0 = Debug|Any CPU
		{4C28359C-3F76-47BA-A96A-ADFB460EDF40}.Release|Any CPU.ActiveCfg = Release|Any CPU
		{4C28359C-3F76-47BA-A96A-ADFB460EDF40}.Release|Any CPU.Build.0 = Release|Any CPU
		{C08190BE-2C64-4981-A8A2-B52980CF2E73}.Debug|Any CPU.ActiveCfg = Debug|Any CPU
		{C08190BE-2C64-4981-A8A2-B52980CF2E73}.Debug|Any CPU.Build.0 = Debug|Any CPU
		{C08190BE-2C64-4981-A8A2-B52980CF2E73}.Release|Any CPU.ActiveCfg = Release|Any CPU
		{C08190BE-2C64-4981-A8A2-B52980CF2E73}.Release|Any CPU.Build.0 = Release|Any CPU
		{67F18A92-E402-413E-861E-878058407C81}.Debug|Any CPU.ActiveCfg = Debug|Any CPU
		{67F18A92-E402-413E-861E-878058407C81}.Debug|Any CPU.Build.0 = Debug|Any CPU
		{67F18A92-E402-413E-861E-878058407C81}.Release|Any CPU.ActiveCfg = Release|Any CPU
		{67F18A92-E402-413E-861E-878058407C81}.Release|Any CPU.Build.0 = Release|Any CPU
		{4B6F2F28-E1EC-4453-B448-A81C778E6EFD}.Debug|Any CPU.ActiveCfg = Debug|Any CPU
		{4B6F2F28-E1EC-4453-B448-A81C778E6EFD}.Debug|Any CPU.Build.0 = Debug|Any CPU
		{4B6F2F28-E1EC-4453-B448-A81C778E6EFD}.Release|Any CPU.ActiveCfg = Release|Any CPU
		{4B6F2F28-E1EC-4453-B448-A81C778E6EFD}.Release|Any CPU.Build.0 = Release|Any CPU
		{A1C28A9D-9033-478F-AA07-91E4F5ACBECB}.Debug|Any CPU.ActiveCfg = Debug|Any CPU
		{A1C28A9D-9033-478F-AA07-91E4F5ACBECB}.Debug|Any CPU.Build.0 = Debug|Any CPU
		{A1C28A9D-9033-478F-AA07-91E4F5ACBECB}.Release|Any CPU.ActiveCfg = Release|Any CPU
		{A1C28A9D-9033-478F-AA07-91E4F5ACBECB}.Release|Any CPU.Build.0 = Release|Any CPU
		{C9CC869D-CFA4-4856-8CA4-44FC3CAF46E3}.Debug|Any CPU.ActiveCfg = Debug|Any CPU
		{C9CC869D-CFA4-4856-8CA4-44FC3CAF46E3}.Debug|Any CPU.Build.0 = Debug|Any CPU
		{C9CC869D-CFA4-4856-8CA4-44FC3CAF46E3}.Release|Any CPU.ActiveCfg = Release|Any CPU
		{C9CC869D-CFA4-4856-8CA4-44FC3CAF46E3}.Release|Any CPU.Build.0 = Release|Any CPU
		{77150E20-0CC9-4603-AC13-F521FAC28BB0}.Debug|Any CPU.ActiveCfg = Debug|Any CPU
		{77150E20-0CC9-4603-AC13-F521FAC28BB0}.Debug|Any CPU.Build.0 = Debug|Any CPU
		{77150E20-0CC9-4603-AC13-F521FAC28BB0}.Release|Any CPU.ActiveCfg = Release|Any CPU
		{77150E20-0CC9-4603-AC13-F521FAC28BB0}.Release|Any CPU.Build.0 = Release|Any CPU
	EndGlobalSection
	GlobalSection(SolutionProperties) = preSolution
		HideSolutionNode = FALSE
	EndGlobalSection
	GlobalSection(NestedProjects) = preSolution
		{983907D7-47B9-409E-BEE6-33F1B8D786BE} = {3B6AF83B-235B-420C-822F-F4AC9D3743B0}
		{53854CCD-ED54-45BC-B620-C0416FEDCBD0} = {3B6AF83B-235B-420C-822F-F4AC9D3743B0}
		{F7B344AD-4682-4870-BC1A-7774E15258AF} = {E7F39CD7-E7D1-4239-B02E-EDA428F4B18D}
		{B3CDCDD1-2084-431F-A601-3CED7808ECC8} = {E7F39CD7-E7D1-4239-B02E-EDA428F4B18D}
		{6D360FE2-7727-4760-A590-A2203CDBFC6C} = {E7F39CD7-E7D1-4239-B02E-EDA428F4B18D}
		{568F46CF-8BB6-4B24-8A73-D46695B7DE7C} = {AABC2609-9795-45BC-B895-80EF53493764}
		{CDF9B80F-6555-4922-B833-3E58107CDD43} = {AABC2609-9795-45BC-B895-80EF53493764}
		{3E259DF1-0786-492A-B62E-6B08FAE2C7A1} = {B09059D4-E5C0-4B8E-847D-4494D829900C}
		{2A3896F4-BFA6-4995-B4F0-928D32160BC7} = {B09059D4-E5C0-4B8E-847D-4494D829900C}
		{4AEDD874-09B4-47FB-AA13-2F4200C6A125} = {B09059D4-E5C0-4B8E-847D-4494D829900C}
		{8BAD7D00-5369-44F1-8852-0C565DD4704E} = {AABC2609-9795-45BC-B895-80EF53493764}
		{20AB940E-45BA-4912-AD7E-E6BA33C59AC5} = {AABC2609-9795-45BC-B895-80EF53493764}
		{5E106B3E-670F-499C-9498-612ADC6BE575} = {AABC2609-9795-45BC-B895-80EF53493764}
		{2D5534EF-7A9F-407A-B923-20A568BEF703} = {2F9EBCE5-820F-417F-AD76-2B6EBBD66FF4}
		{A190584F-9A46-4A4F-B21A-C5BE0EE2B08B} = {2F9EBCE5-820F-417F-AD76-2B6EBBD66FF4}
		{6D1E9EDC-A72D-4875-89AE-28E67EE6C370} = {2F9EBCE5-820F-417F-AD76-2B6EBBD66FF4}
		{3E670C7F-343B-4E9A-B3F9-7F86BB381F4C} = {2F9EBCE5-820F-417F-AD76-2B6EBBD66FF4}
		{BC2D5BB5-6E26-4800-B1DE-7F0FBC694998} = {2F9EBCE5-820F-417F-AD76-2B6EBBD66FF4}
		{7876E72B-EE9D-4A85-A430-EC57DCCDA111} = {2F9EBCE5-820F-417F-AD76-2B6EBBD66FF4}
		{BCB9551D-CDC7-440B-89FA-6EE9689EFE7C} = {2F9EBCE5-820F-417F-AD76-2B6EBBD66FF4}
		{8E5EE412-9ABF-4CE6-B560-192A9306BE3C} = {3A9BDE48-F648-4C6A-A16C-8CD92D69DE25}
		{632E8357-7609-4087-BDD6-2253F26A9CFE} = {3A9BDE48-F648-4C6A-A16C-8CD92D69DE25}
		{1450FE93-8A2F-45C0-8F33-2C21F4515665} = {9E866199-AF76-4C39-A3FB-7618FAD87FF3}
		{0411138C-782D-4936-8D43-1A9E8F32499D} = {9E866199-AF76-4C39-A3FB-7618FAD87FF3}
		{BA9150FA-A114-4FA2-954A-9E70DB656FFE} = {02426073-EC59-48D6-ADC6-A0D784D33BAB}
		{4C28359C-3F76-47BA-A96A-ADFB460EDF40} = {9A15AB44-18A1-44BB-B004-FF6762161F9B}
		{C08190BE-2C64-4981-A8A2-B52980CF2E73} = {9A15AB44-18A1-44BB-B004-FF6762161F9B}
		{67F18A92-E402-413E-861E-878058407C81} = {C1755BAE-2B76-4B21-8A44-AA848369065C}
		{4B6F2F28-E1EC-4453-B448-A81C778E6EFD} = {C1755BAE-2B76-4B21-8A44-AA848369065C}
		{A1C28A9D-9033-478F-AA07-91E4F5ACBECB} = {15852D49-08C9-47BD-A980-9D96C5217FA7}
		{C9CC869D-CFA4-4856-8CA4-44FC3CAF46E3} = {A5F8C0BA-B6FF-4AD0-8341-51595503622E}
		{77150E20-0CC9-4603-AC13-F521FAC28BB0} = {7DCDF43C-BEEA-4895-8BE0-0738693C3FDC}
	EndGlobalSection
	GlobalSection(ExtensibilityGlobals) = postSolution
		SolutionGuid = {AB597F5E-5E04-4D64-80B1-F9A06086BDD2}
	EndGlobalSection
EndGlobal
